
Microsoft Visual Studio Solution File, Format Version 12.00
# Visual Studio Version 17
VisualStudioVersion = 17.7.34202.233
MinimumVisualStudioVersion = 10.0.40219.1
Project("{FAE04EC0-301F-11D3-BF4B-00C04F79EFBC}") = "Beadando_gyumolcs", "Beadando_gyumolcs\Beadando_gyumolcs.csproj", "{52B12278-E9BC-4762-B801-E61E1FBC9D5F}"
EndProject
Global
	GlobalSection(SolutionConfigurationPlatforms) = preSolution
		Debug|Any CPU = Debug|Any CPU
		Release|Any CPU = Release|Any CPU
	EndGlobalSection
	GlobalSection(ProjectConfigurationPlatforms) = postSolution
		{52B12278-E9BC-4762-B801-E61E1FBC9D5F}.Debug|Any CPU.ActiveCfg = Debug|Any CPU
		{52B12278-E9BC-4762-B801-E61E1FBC9D5F}.Debug|Any CPU.Build.0 = Debug|Any CPU
		{52B12278-E9BC-4762-B801-E61E1FBC9D5F}.Release|Any CPU.ActiveCfg = Release|Any CPU
		{52B12278-E9BC-4762-B801-E61E1FBC9D5F}.Release|Any CPU.Build.0 = Release|Any CPU
	EndGlobalSection
	GlobalSection(SolutionProperties) = preSolution
		HideSolutionNode = FALSE
	EndGlobalSection
	GlobalSection(ExtensibilityGlobals) = postSolution
		SolutionGuid = {8242C336-891A-4327-AA38-0B14DF41F8EE}
	EndGlobalSection
EndGlobal
